
Microsoft Visual Studio Solution File, Format Version 12.00
# Visual Studio Version 16
VisualStudioVersion = 16.0.30804.86
MinimumVisualStudioVersion = 10.0.40219.1
Project("{E24C65DC-7377-472B-9ABA-BC803B73C61A}") = "site curriculo", "D:\ThaDias\site curriculo\", "{FDF98F36-35E4-41A4-9FA2-097DDBC2C8E4}"
	ProjectSection(WebsiteProperties) = preProject
		TargetFrameworkMoniker = ".NETFramework,Version%3Dv4.0"
		Debug.AspNetCompiler.VirtualPath = "/localhost_52207"
		Debug.AspNetCompiler.PhysicalPath = "D:\ThaDias\site curriculo\"
		Debug.AspNetCompiler.TargetPath = "PrecompiledWeb\localhost_52207\"
		Debug.AspNetCompiler.Updateable = "true"
		Debug.AspNetCompiler.ForceOverwrite = "true"
		Debug.AspNetCompiler.FixedNames = "false"
		Debug.AspNetCompiler.Debug = "True"
		Release.AspNetCompiler.VirtualPath = "/localhost_52207"
		Release.AspNetCompiler.PhysicalPath = "D:\ThaDias\site curriculo\"
		Release.AspNetCompiler.TargetPath = "PrecompiledWeb\localhost_52207\"
		Release.AspNetCompiler.Updateable = "true"
		Release.AspNetCompiler.ForceOverwrite = "true"
		Release.AspNetCompiler.FixedNames = "false"
		Release.AspNetCompiler.Debug = "False"
		VWDPort = "52207"
	EndProjectSection
EndProject
Global
	GlobalSection(SolutionConfigurationPlatforms) = preSolution
		Debug|Any CPU = Debug|Any CPU
	EndGlobalSection
	GlobalSection(ProjectConfigurationPlatforms) = postSolution
		{FDF98F36-35E4-41A4-9FA2-097DDBC2C8E4}.Debug|Any CPU.ActiveCfg = Debug|Any CPU
		{FDF98F36-35E4-41A4-9FA2-097DDBC2C8E4}.Debug|Any CPU.Build.0 = Debug|Any CPU
	EndGlobalSection
	GlobalSection(SolutionProperties) = preSolution
		HideSolutionNode = FALSE
	EndGlobalSection
	GlobalSection(ExtensibilityGlobals) = postSolution
		SolutionGuid = {8752C909-A210-4F2E-9FEE-F056E98939EF}
	EndGlobalSection
EndGlobal
